
Microsoft Visual Studio Solution File, Format Version 12.00
# Visual Studio Version 17
VisualStudioVersion = 17.1.31911.260
MinimumVisualStudioVersion = 10.0.40219.1
Project("{FAE04EC0-301F-11D3-BF4B-00C04F79EFBC}") = "poc-tdd-closed-section", "poc-tdd-closed-section\poc-tdd-closed-section.csproj", "{63141F5A-D753-47FE-B4EF-6E1EE2F3AA95}"
EndProject
Project("{FAE04EC0-301F-11D3-BF4B-00C04F79EFBC}") = "poc-tdd-closed-setction-test", "poc-tdd-closed-setction-test\poc-tdd-closed-setction-test.csproj", "{835AE3AB-3ACF-4C6F-BC63-1BE59ABC0864}"
EndProject
Global
	GlobalSection(SolutionConfigurationPlatforms) = preSolution
		Debug|Any CPU = Debug|Any CPU
		Release|Any CPU = Release|Any CPU
	EndGlobalSection
	GlobalSection(ProjectConfigurationPlatforms) = postSolution
		{63141F5A-D753-47FE-B4EF-6E1EE2F3AA95}.Debug|Any CPU.ActiveCfg = Debug|Any CPU
		{63141F5A-D753-47FE-B4EF-6E1EE2F3AA95}.Debug|Any CPU.Build.0 = Debug|Any CPU
		{63141F5A-D753-47FE-B4EF-6E1EE2F3AA95}.Release|Any CPU.ActiveCfg = Release|Any CPU
		{63141F5A-D753-47FE-B4EF-6E1EE2F3AA95}.Release|Any CPU.Build.0 = Release|Any CPU
		{835AE3AB-3ACF-4C6F-BC63-1BE59ABC0864}.Debug|Any CPU.ActiveCfg = Debug|Any CPU
		{835AE3AB-3ACF-4C6F-BC63-1BE59ABC0864}.Debug|Any CPU.Build.0 = Debug|Any CPU
		{835AE3AB-3ACF-4C6F-BC63-1BE59ABC0864}.Release|Any CPU.ActiveCfg = Release|Any CPU
		{835AE3AB-3ACF-4C6F-BC63-1BE59ABC0864}.Release|Any CPU.Build.0 = Release|Any CPU
	EndGlobalSection
	GlobalSection(SolutionProperties) = preSolution
		HideSolutionNode = FALSE
	EndGlobalSection
	GlobalSection(ExtensibilityGlobals) = postSolution
		SolutionGuid = {7C828D5D-8E4F-40DC-8AFF-A7B74C402DBC}
	EndGlobalSection
EndGlobal
